
Microsoft Visual Studio Solution File, Format Version 12.00
# Visual Studio Version 17
VisualStudioVersion = 17.6.33829.357
MinimumVisualStudioVersion = 10.0.40219.1
Project("{FAE04EC0-301F-11D3-BF4B-00C04F79EFBC}") = "Library", "Library.csproj", "{83FDC763-0F19-4393-A68B-F02892325903}"
EndProject
Global
	GlobalSection(SolutionConfigurationPlatforms) = preSolution
		Debug|Any CPU = Debug|Any CPU
		Release|Any CPU = Release|Any CPU
	EndGlobalSection
	GlobalSection(ProjectConfigurationPlatforms) = postSolution
		{83FDC763-0F19-4393-A68B-F02892325903}.Debug|Any CPU.ActiveCfg = Debug|Any CPU
		{83FDC763-0F19-4393-A68B-F02892325903}.Debug|Any CPU.Build.0 = Debug|Any CPU
		{83FDC763-0F19-4393-A68B-F02892325903}.Release|Any CPU.ActiveCfg = Release|Any CPU
		{83FDC763-0F19-4393-A68B-F02892325903}.Release|Any CPU.Build.0 = Release|Any CPU
	EndGlobalSection
	GlobalSection(SolutionProperties) = preSolution
		HideSolutionNode = FALSE
	EndGlobalSection
	GlobalSection(ExtensibilityGlobals) = postSolution
		SolutionGuid = {39B68098-AE09-4FD8-AB40-7902830BD94E}
	EndGlobalSection
EndGlobal
